
Microsoft Visual Studio Solution File, Format Version 12.00
# Visual Studio Version 17
VisualStudioVersion = 17.3.32929.385
MinimumVisualStudioVersion = 10.0.40219.1
Project("{FAE04EC0-301F-11D3-BF4B-00C04F79EFBC}") = "CoderFinalProject_Emilio_De_Leon", "CoderFinalProject_Emilio_De_Leon\CoderFinalProject_Emilio_De_Leon.csproj", "{A19AFC4F-9780-436C-B579-B66EF7EEA24F}"
EndProject
Global
	GlobalSection(SolutionConfigurationPlatforms) = preSolution
		Debug|Any CPU = Debug|Any CPU
		Release|Any CPU = Release|Any CPU
	EndGlobalSection
	GlobalSection(ProjectConfigurationPlatforms) = postSolution
		{A19AFC4F-9780-436C-B579-B66EF7EEA24F}.Debug|Any CPU.ActiveCfg = Debug|Any CPU
		{A19AFC4F-9780-436C-B579-B66EF7EEA24F}.Debug|Any CPU.Build.0 = Debug|Any CPU
		{A19AFC4F-9780-436C-B579-B66EF7EEA24F}.Release|Any CPU.ActiveCfg = Release|Any CPU
		{A19AFC4F-9780-436C-B579-B66EF7EEA24F}.Release|Any CPU.Build.0 = Release|Any CPU
	EndGlobalSection
	GlobalSection(SolutionProperties) = preSolution
		HideSolutionNode = FALSE
	EndGlobalSection
	GlobalSection(ExtensibilityGlobals) = postSolution
		SolutionGuid = {06957144-82BD-44F8-BD20-66BF5EFA3288}
	EndGlobalSection
EndGlobal
